// !$*UTF8*$!
{
	archiveVersion = 1;
	classes = {
	};
	objectVersion = 63;
	objects = {

/* Begin PBXBuildFile section */
		01516A825BCC4BCE4E664F07 /* JewelHeartLog.swift in Sources */ = {isa = PBXBuildFile; fileRef = 74E4A7FD0C98E6AEE8FD1C53 /* JewelHeartLog.swift */; };
		016BE9B27177D83C6B260EB5 /* JewelHeartFirebaseSignIn.swift in Sources */ = {isa = PBXBuildFile; fileRef = A959266B5A269656940ADBCC /* JewelHeartFirebaseSignIn.swift */; };
		03EB4846FC78F2657859B3C3 /* RootView.swift in Sources */ = {isa = PBXBuildFile; fileRef = 04D1E1F2F366079542D83BAA /* RootView.swift */; };
		0FD978D3B0907FDEFEA4B205 /* JewelHeartConfig.swift in Sources */ = {isa = PBXBuildFile; fileRef = 17F6F2F6419DCAF26426F64C /* JewelHeartConfig.swift */; };
		2E040C33EA71A0CEEB9378D0 /* JewelHeartSignInView.swift in Sources */ = {isa = PBXBuildFile; fileRef = B9D49FFF9CB5ED057F410552 /* JewelHeartSignInView.swift */; };
		33C77EFE5290718FFA451434 /* Bundle+GoogleService.swift in Sources */ = {isa = PBXBuildFile; fileRef = 980A596320DA31A5DA3067E4 /* Bundle+GoogleService.swift */; };
		3CD64DEC1C4C0980303AB06C /* JewelHeartAPI+REST.swift in Sources */ = {isa = PBXBuildFile; fileRef = 9E61DCB552040A77C886AFAB /* JewelHeartAPI+REST.swift */; };
		56AC20D06B3A62DB3CCF37D8 /* SDUIModels.swift in Sources */ = {isa = PBXBuildFile; fileRef = 7D032E827A7E776FB693FD8C /* SDUIModels.swift */; };
		5A2820E7BAEEC0EF12B4F8B5 /* JewelHeartAdminResourceViews.swift in Sources */ = {isa = PBXBuildFile; fileRef = FD30F69F029BF6B0BF9EA54C /* JewelHeartAdminResourceViews.swift */; };
		7424BD45B8B09C6FC1921110 /* JewelHeartRESTModels.swift in Sources */ = {isa = PBXBuildFile; fileRef = C64887F96267A1539C6F04B6 /* JewelHeartRESTModels.swift */; };
		758BFD16A2D671BF640B9CBF /* FirebaseAuth in Frameworks */ = {isa = PBXBuildFile; productRef = 1B0F11341987EB2FB8D8B7C6 /* FirebaseAuth */; };
		7BABC1A1F952325D6886956C /* JewelHeartAppDelegate.swift in Sources */ = {isa = PBXBuildFile; fileRef = 80A884B38D25B77F9522043C /* JewelHeartAppDelegate.swift */; };
		7C256388C03D1D9C0E09ED8F /* FirebaseCore in Frameworks */ = {isa = PBXBuildFile; productRef = F89A5301AC11B1F2C0BB34A9 /* FirebaseCore */; };
		84B884AC26BE730BB3DF6B07 /* SDUIRenderer.swift in Sources */ = {isa = PBXBuildFile; fileRef = DA254DD62D9077915714E370 /* SDUIRenderer.swift */; };
		86A1FFB6613A786ECE1A5D38 /* GoogleSignIn in Frameworks */ = {isa = PBXBuildFile; productRef = CEEFB79224CD083029E35C8D /* GoogleSignIn */; };
		89526927E3592D052E29DDDD /* GoogleService-Info.plist in Resources */ = {isa = PBXBuildFile; fileRef = 5FE2C87396BD4169305A414D /* GoogleService-Info.plist */; };
		97DCCCC3F0D1A4882B8B66E8 /* JewelHeartAuthState.swift in Sources */ = {isa = PBXBuildFile; fileRef = 750F35F1EDDA470A4186EA9E /* JewelHeartAuthState.swift */; };
		9D0A23FFE1C7B0CC8803E4F2 /* JewelHeartRootPresenter.swift in Sources */ = {isa = PBXBuildFile; fileRef = AC67EE5E5D251D5198C4F044 /* JewelHeartRootPresenter.swift */; };
		A43C12252E49B91130127D43 /* JewelHeartFirebaseEarlyConfigure.m in Sources */ = {isa = PBXBuildFile; fileRef = 1B5637CC250383502B47FC09 /* JewelHeartFirebaseEarlyConfigure.m */; };
		B50DA5C2B4E42C7574E6B3F7 /* Assets.xcassets in Resources */ = {isa = PBXBuildFile; fileRef = 433923B95ABD412F2853CA40 /* Assets.xcassets */; };
		B8CFE72FF717027AA3DC52A2 /* JewelHeartSceneDelegate.swift in Sources */ = {isa = PBXBuildFile; fileRef = 12C0F6A4C5671FE75EE247EB /* JewelHeartSceneDelegate.swift */; };
		C84F815E1C5D4E6F8A901234 /* VolunteerV2Views.swift in Sources */ = {isa = PBXBuildFile; fileRef = C84F815D1C5D4E6F8A901234 /* VolunteerV2Views.swift */; };
		E082988EA689C4D2F99D9186 /* AdminRootTabView.swift in Sources */ = {isa = PBXBuildFile; fileRef = 1742576D1B9DC9AFEA6D1E2E /* AdminRootTabView.swift */; };
		E1C74A14B5DA47A4B55AC129 /* JewelHeartAPI.swift in Sources */ = {isa = PBXBuildFile; fileRef = 24400186A0EE3EACD3C908BE /* JewelHeartAPI.swift */; };
		F1A2B3C4D5E6F708091A2B3C /* JewelHeartMessagingViews.swift in Sources */ = {isa = PBXBuildFile; fileRef = F1A2B3C4D5E6F708091A2B3D /* JewelHeartMessagingViews.swift */; };
/* End PBXBuildFile section */

/* Begin PBXFileReference section */
		04D1E1F2F366079542D83BAA /* RootView.swift */ = {isa = PBXFileReference; lastKnownFileType = sourcecode.swift; path = RootView.swift; sourceTree = "<group>"; };
		12C0F6A4C5671FE75EE247EB /* JewelHeartSceneDelegate.swift */ = {isa = PBXFileReference; lastKnownFileType = sourcecode.swift; path = JewelHeartSceneDelegate.swift; sourceTree = "<group>"; };
		1742576D1B9DC9AFEA6D1E2E /* AdminRootTabView.swift */ = {isa = PBXFileReference; lastKnownFileType = sourcecode.swift; path = AdminRootTabView.swift; sourceTree = "<group>"; };
		17F6F2F6419DCAF26426F64C /* JewelHeartConfig.swift */ = {isa = PBXFileReference; lastKnownFileType = sourcecode.swift; path = JewelHeartConfig.swift; sourceTree = "<group>"; };
		1B5637CC250383502B47FC09 /* JewelHeartFirebaseEarlyConfigure.m */ = {isa = PBXFileReference; lastKnownFileType = sourcecode.c.objc; path = JewelHeartFirebaseEarlyConfigure.m; sourceTree = "<group>"; };
		24400186A0EE3EACD3C908BE /* JewelHeartAPI.swift */ = {isa = PBXFileReference; lastKnownFileType = sourcecode.swift; path = JewelHeartAPI.swift; sourceTree = "<group>"; };
		2C7DD6B9B60EB579EDD3BBD4 /* JewelHeartAdmin.app */ = {isa = PBXFileReference; explicitFileType = wrapper.application; includeInIndex = 0; path = JewelHeartAdmin.app; sourceTree = BUILT_PRODUCTS_DIR; };
		433923B95ABD412F2853CA40 /* Assets.xcassets */ = {isa = PBXFileReference; lastKnownFileType = folder.assetcatalog; path = Assets.xcassets; sourceTree = "<group>"; };
		5FE2C87396BD4169305A414D /* GoogleService-Info.plist */ = {isa = PBXFileReference; lastKnownFileType = text.plist; path = "GoogleService-Info.plist"; sourceTree = "<group>"; };
		74E4A7FD0C98E6AEE8FD1C53 /* JewelHeartLog.swift */ = {isa = PBXFileReference; lastKnownFileType = sourcecode.swift; path = JewelHeartLog.swift; sourceTree = "<group>"; };
		750F35F1EDDA470A4186EA9E /* JewelHeartAuthState.swift */ = {isa = PBXFileReference; lastKnownFileType = sourcecode.swift; path = JewelHeartAuthState.swift; sourceTree = "<group>"; };
		7AACD0A60804A7B0160A6162 /* JewelHeartAdmin-Bridging-Header.h */ = {isa = PBXFileReference; lastKnownFileType = sourcecode.c.h; path = "JewelHeartAdmin-Bridging-Header.h"; sourceTree = "<group>"; };
		7D032E827A7E776FB693FD8C /* SDUIModels.swift */ = {isa = PBXFileReference; lastKnownFileType = sourcecode.swift; path = SDUIModels.swift; sourceTree = "<group>"; };
		80A884B38D25B77F9522043C /* JewelHeartAppDelegate.swift */ = {isa = PBXFileReference; lastKnownFileType = sourcecode.swift; path = JewelHeartAppDelegate.swift; sourceTree = "<group>"; };
		980A596320DA31A5DA3067E4 /* Bundle+GoogleService.swift */ = {isa = PBXFileReference; lastKnownFileType = sourcecode.swift; path = "Bundle+GoogleService.swift"; sourceTree = "<group>"; };
		9E61DCB552040A77C886AFAB /* JewelHeartAPI+REST.swift */ = {isa = PBXFileReference; lastKnownFileType = sourcecode.swift; path = "JewelHeartAPI+REST.swift"; sourceTree = "<group>"; };
		A959266B5A269656940ADBCC /* JewelHeartFirebaseSignIn.swift */ = {isa = PBXFileReference; lastKnownFileType = sourcecode.swift; path = JewelHeartFirebaseSignIn.swift; sourceTree = "<group>"; };
		AC67EE5E5D251D5198C4F044 /* JewelHeartRootPresenter.swift */ = {isa = PBXFileReference; lastKnownFileType = sourcecode.swift; path = JewelHeartRootPresenter.swift; sourceTree = "<group>"; };
		B9D49FFF9CB5ED057F410552 /* JewelHeartSignInView.swift */ = {isa = PBXFileReference; lastKnownFileType = sourcecode.swift; path = JewelHeartSignInView.swift; sourceTree = "<group>"; };
		C84F815D1C5D4E6F8A901234 /* VolunteerV2Views.swift */ = {isa = PBXFileReference; lastKnownFileType = sourcecode.swift; path = VolunteerV2Views.swift; sourceTree = "<group>"; };
		C64887F96267A1539C6F04B6 /* JewelHeartRESTModels.swift */ = {isa = PBXFileReference; lastKnownFileType = sourcecode.swift; path = JewelHeartRESTModels.swift; sourceTree = "<group>"; };
		DA254DD62D9077915714E370 /* SDUIRenderer.swift */ = {isa = PBXFileReference; lastKnownFileType = sourcecode.swift; path = SDUIRenderer.swift; sourceTree = "<group>"; };
		FD30F69F029BF6B0BF9EA54C /* JewelHeartAdminResourceViews.swift */ = {isa = PBXFileReference; lastKnownFileType = sourcecode.swift; path = JewelHeartAdminResourceViews.swift; sourceTree = "<group>"; };
		F1A2B3C4D5E6F708091A2B3D /* JewelHeartMessagingViews.swift */ = {isa = PBXFileReference; lastKnownFileType = sourcecode.swift; path = JewelHeartMessagingViews.swift; sourceTree = "<group>"; };
/* End PBXFileReference section */

/* Begin PBXFrameworksBuildPhase section */
		E6FC2C105C88F31209B42FF0 /* Frameworks */ = {
			isa = PBXFrameworksBuildPhase;
			buildActionMask = 2147483647;
			files = (
				758BFD16A2D671BF640B9CBF /* FirebaseAuth in Frameworks */,
				7C256388C03D1D9C0E09ED8F /* FirebaseCore in Frameworks */,
				86A1FFB6613A786ECE1A5D38 /* GoogleSignIn in Frameworks */,
			);
			runOnlyForDeploymentPostprocessing = 0;
		};
/* End PBXFrameworksBuildPhase section */

/* Begin PBXGroup section */
		71708C6DD9506FEDB6438458 /* Products */ = {
			isa = PBXGroup;
			children = (
				2C7DD6B9B60EB579EDD3BBD4 /* JewelHeartAdmin.app */,
			);
			name = Products;
			sourceTree = "<group>";
		};
		BFA73F216BC6B8876E47112E = {
			isa = PBXGroup;
			children = (
				433923B95ABD412F2853CA40 /* Assets.xcassets */,
				5FE2C87396BD4169305A414D /* GoogleService-Info.plist */,
				FEC02E32128A49CDAD315EBA /* Sources */,
				71708C6DD9506FEDB6438458 /* Products */,
			);
			sourceTree = "<group>";
		};
		FEC02E32128A49CDAD315EBA /* Sources */ = {
			isa = PBXGroup;
			children = (
				1742576D1B9DC9AFEA6D1E2E /* AdminRootTabView.swift */,
				980A596320DA31A5DA3067E4 /* Bundle+GoogleService.swift */,
				7AACD0A60804A7B0160A6162 /* JewelHeartAdmin-Bridging-Header.h */,
				FD30F69F029BF6B0BF9EA54C /* JewelHeartAdminResourceViews.swift */,
				F1A2B3C4D5E6F708091A2B3D /* JewelHeartMessagingViews.swift */,
				24400186A0EE3EACD3C908BE /* JewelHeartAPI.swift */,
				9E61DCB552040A77C886AFAB /* JewelHeartAPI+REST.swift */,
				80A884B38D25B77F9522043C /* JewelHeartAppDelegate.swift */,
				750F35F1EDDA470A4186EA9E /* JewelHeartAuthState.swift */,
				17F6F2F6419DCAF26426F64C /* JewelHeartConfig.swift */,
				1B5637CC250383502B47FC09 /* JewelHeartFirebaseEarlyConfigure.m */,
				A959266B5A269656940ADBCC /* JewelHeartFirebaseSignIn.swift */,
				74E4A7FD0C98E6AEE8FD1C53 /* JewelHeartLog.swift */,
				C64887F96267A1539C6F04B6 /* JewelHeartRESTModels.swift */,
				AC67EE5E5D251D5198C4F044 /* JewelHeartRootPresenter.swift */,
				12C0F6A4C5671FE75EE247EB /* JewelHeartSceneDelegate.swift */,
				B9D49FFF9CB5ED057F410552 /* JewelHeartSignInView.swift */,
				04D1E1F2F366079542D83BAA /* RootView.swift */,
				7D032E827A7E776FB693FD8C /* SDUIModels.swift */,
				DA254DD62D9077915714E370 /* SDUIRenderer.swift */,
				C84F815D1C5D4E6F8A901234 /* VolunteerV2Views.swift */,
			);
			path = Sources;
			sourceTree = "<group>";
		};
/* End PBXGroup section */

/* Begin PBXNativeTarget section */
		8D2E7856F97DE68B4486D2B7 /* JewelHeartAdmin */ = {
			isa = PBXNativeTarget;
			buildConfigurationList = 9BA18E3C8031629D2E2E75C2 /* Build configuration list for PBXNativeTarget "JewelHeartAdmin" */;
			buildPhases = (
				9D63D1B787D25374516C62B0 /* Sources */,
				0674BB6BC45B3C66DBC05C07 /* Resources */,
				E6FC2C105C88F31209B42FF0 /* Frameworks */,
			);
			buildRules = (
			);
			dependencies = (
			);
			name = JewelHeartAdmin;
			packageProductDependencies = (
				1B0F11341987EB2FB8D8B7C6 /* FirebaseAuth */,
				F89A5301AC11B1F2C0BB34A9 /* FirebaseCore */,
				CEEFB79224CD083029E35C8D /* GoogleSignIn */,
			);
			productName = JewelHeartAdmin;
			productReference = 2C7DD6B9B60EB579EDD3BBD4 /* JewelHeartAdmin.app */;
			productType = "com.apple.product-type.application";
		};
/* End PBXNativeTarget section */

/* Begin PBXProject section */
		078487AEC85DEC8ED58FA57C /* Project object */ = {
			isa = PBXProject;
			attributes = {
				BuildIndependentTargetsInParallel = YES;
				LastUpgradeCheck = 2600;
				TargetAttributes = {
					8D2E7856F97DE68B4486D2B7 = {
						DevelopmentTeam = 7YLNYUAHS3;
						ProvisioningStyle = Automatic;
					};
				};
			};
			buildConfigurationList = 63D7F60850F250B360431053 /* Build configuration list for PBXProject "JewelHeartAdmin" */;
			compatibilityVersion = "Xcode 14.0";
			developmentRegion = en;
			hasScannedForEncodings = 0;
			knownRegions = (
				Base,
				en,
			);
			mainGroup = BFA73F216BC6B8876E47112E;
			minimizedProjectReferenceProxies = 1;
			packageReferences = (
				9D174E4566C467CC12A6D10C /* XCRemoteSwiftPackageReference "firebase-ios-sdk" */,
				A8B1F8EC3794040A27549438 /* XCRemoteSwiftPackageReference "GoogleSignIn-iOS" */,
			);
			projectDirPath = "";
			projectRoot = "";
			targets = (
				8D2E7856F97DE68B4486D2B7 /* JewelHeartAdmin */,
			);
		};
/* End PBXProject section */

/* Begin PBXResourcesBuildPhase section */
		0674BB6BC45B3C66DBC05C07 /* Resources */ = {
			isa = PBXResourcesBuildPhase;
			buildActionMask = 2147483647;
			files = (
				B50DA5C2B4E42C7574E6B3F7 /* Assets.xcassets in Resources */,
				89526927E3592D052E29DDDD /* GoogleService-Info.plist in Resources */,
			);
			runOnlyForDeploymentPostprocessing = 0;
		};
/* End PBXResourcesBuildPhase section */

/* Begin PBXSourcesBuildPhase section */
		9D63D1B787D25374516C62B0 /* Sources */ = {
			isa = PBXSourcesBuildPhase;
			buildActionMask = 2147483647;
			files = (
				E082988EA689C4D2F99D9186 /* AdminRootTabView.swift in Sources */,
				33C77EFE5290718FFA451434 /* Bundle+GoogleService.swift in Sources */,
				3CD64DEC1C4C0980303AB06C /* JewelHeartAPI+REST.swift in Sources */,
				E1C74A14B5DA47A4B55AC129 /* JewelHeartAPI.swift in Sources */,
				5A2820E7BAEEC0EF12B4F8B5 /* JewelHeartAdminResourceViews.swift in Sources */,
				F1A2B3C4D5E6F708091A2B3C /* JewelHeartMessagingViews.swift in Sources */,
				7BABC1A1F952325D6886956C /* JewelHeartAppDelegate.swift in Sources */,
				97DCCCC3F0D1A4882B8B66E8 /* JewelHeartAuthState.swift in Sources */,
				0FD978D3B0907FDEFEA4B205 /* JewelHeartConfig.swift in Sources */,
				A43C12252E49B91130127D43 /* JewelHeartFirebaseEarlyConfigure.m in Sources */,
				016BE9B27177D83C6B260EB5 /* JewelHeartFirebaseSignIn.swift in Sources */,
				01516A825BCC4BCE4E664F07 /* JewelHeartLog.swift in Sources */,
				7424BD45B8B09C6FC1921110 /* JewelHeartRESTModels.swift in Sources */,
				9D0A23FFE1C7B0CC8803E4F2 /* JewelHeartRootPresenter.swift in Sources */,
				B8CFE72FF717027AA3DC52A2 /* JewelHeartSceneDelegate.swift in Sources */,
				2E040C33EA71A0CEEB9378D0 /* JewelHeartSignInView.swift in Sources */,
				03EB4846FC78F2657859B3C3 /* RootView.swift in Sources */,
				56AC20D06B3A62DB3CCF37D8 /* SDUIModels.swift in Sources */,
				84B884AC26BE730BB3DF6B07 /* SDUIRenderer.swift in Sources */,
				C84F815E1C5D4E6F8A901234 /* VolunteerV2Views.swift in Sources */,
			);
			runOnlyForDeploymentPostprocessing = 0;
		};
/* End PBXSourcesBuildPhase section */

/* Begin XCBuildConfiguration section */
		101B36DEEB2C2C2CAEB6FFAD /* Release */ = {
			isa = XCBuildConfiguration;
			buildSettings = {
				ASSETCATALOG_COMPILER_APPICON_NAME = AppIcon;
				CODE_SIGN_ENTITLEMENTS = JewelHeartAdmin.entitlements;
				CODE_SIGN_IDENTITY = "iPhone Developer";
				CODE_SIGN_STYLE = Automatic;
				CURRENT_PROJECT_VERSION = 3;
				ENABLE_USER_SCRIPT_SANDBOXING = NO;
				GENERATE_INFOPLIST_FILE = YES;
				GOOGLE_REVERSED_CLIENT_ID = "com.googleusercontent.apps.120549448949-lncqvpqrf30hrk72jrnictbjn6srsjne";
				INFOPLIST_FILE = Supporting/GoogleURLScheme.plist;
				INFOPLIST_KEY_CFBundleDisplayName = "JewelHeart Admin";
				INFOPLIST_KEY_UIApplicationDelegateClassName = "$(PRODUCT_MODULE_NAME).JewelHeartAppDelegate";
				INFOPLIST_KEY_UIApplicationSceneManifest_Generation = YES;
				INFOPLIST_KEY_UILaunchScreen_Generation = YES;
				INFOPLIST_KEY_UISceneDelegateClassName = "$(PRODUCT_MODULE_NAME).JewelHeartSceneDelegate";
				INFOPLIST_KEY_UISupportedInterfaceOrientations = "UIInterfaceOrientationPortrait UIInterfaceOrientationPortraitUpsideDown UIInterfaceOrientationLandscapeLeft UIInterfaceOrientationLandscapeRight";
				INFOPLIST_KEY_UISupportedInterfaceOrientations_iPad = "UIInterfaceOrientationPortrait UIInterfaceOrientationPortraitUpsideDown UIInterfaceOrientationLandscapeLeft UIInterfaceOrientationLandscapeRight";
				IPHONEOS_DEPLOYMENT_TARGET = 17.0;
				LD_RUNPATH_SEARCH_PATHS = (
					"$(inherited)",
					"@executable_path/Frameworks",
				);
				MARKETING_VERSION = 0.1.1;
				PRODUCT_BUNDLE_IDENTIFIER = org.jewelheart.admin;
				PRODUCT_NAME = JewelHeartAdmin;
				SDKROOT = iphoneos;
				SUPPORTS_MAC_DESIGNED_FOR_IPHONE_IPAD = NO;
				SWIFT_OBJC_BRIDGING_HEADER = "Sources/JewelHeartAdmin-Bridging-Header.h";
				SWIFT_VERSION = 5.0;
				TARGETED_DEVICE_FAMILY = "1,2";
			};
			name = Release;
		};
		579CFD6D27C5D10ECBC95069 /* Debug */ = {
			isa = XCBuildConfiguration;
			buildSettings = {
				ASSETCATALOG_COMPILER_APPICON_NAME = AppIcon;
				CODE_SIGN_ENTITLEMENTS = JewelHeartAdmin.entitlements;
				CODE_SIGN_IDENTITY = "iPhone Developer";
				CODE_SIGN_STYLE = Automatic;
				CURRENT_PROJECT_VERSION = 3;
				ENABLE_USER_SCRIPT_SANDBOXING = NO;
				GENERATE_INFOPLIST_FILE = YES;
				GOOGLE_REVERSED_CLIENT_ID = "com.googleusercontent.apps.120549448949-lncqvpqrf30hrk72jrnictbjn6srsjne";
				INFOPLIST_FILE = Supporting/GoogleURLScheme.plist;
				INFOPLIST_KEY_CFBundleDisplayName = "JewelHeart Admin";
				INFOPLIST_KEY_UIApplicationDelegateClassName = "$(PRODUCT_MODULE_NAME).JewelHeartAppDelegate";
				INFOPLIST_KEY_UIApplicationSceneManifest_Generation = YES;
				INFOPLIST_KEY_UILaunchScreen_Generation = YES;
				INFOPLIST_KEY_UISceneDelegateClassName = "$(PRODUCT_MODULE_NAME).JewelHeartSceneDelegate";
				INFOPLIST_KEY_UISupportedInterfaceOrientations = "UIInterfaceOrientationPortrait UIInterfaceOrientationPortraitUpsideDown UIInterfaceOrientationLandscapeLeft UIInterfaceOrientationLandscapeRight";
				INFOPLIST_KEY_UISupportedInterfaceOrientations_iPad = "UIInterfaceOrientationPortrait UIInterfaceOrientationPortraitUpsideDown UIInterfaceOrientationLandscapeLeft UIInterfaceOrientationLandscapeRight";
				IPHONEOS_DEPLOYMENT_TARGET = 17.0;
				LD_RUNPATH_SEARCH_PATHS = (
					"$(inherited)",
					"@executable_path/Frameworks",
				);
				MARKETING_VERSION = 0.1.1;
				PRODUCT_BUNDLE_IDENTIFIER = org.jewelheart.admin;
				PRODUCT_NAME = JewelHeartAdmin;
				SDKROOT = iphoneos;
				SUPPORTS_MAC_DESIGNED_FOR_IPHONE_IPAD = NO;
				SWIFT_OBJC_BRIDGING_HEADER = "Sources/JewelHeartAdmin-Bridging-Header.h";
				SWIFT_VERSION = 5.0;
				TARGETED_DEVICE_FAMILY = "1,2";
			};
			name = Debug;
		};
		6A26733728349633A6EAF0FF /* Release */ = {
			isa = XCBuildConfiguration;
			buildSettings = {
				ALWAYS_SEARCH_USER_PATHS = NO;
				CLANG_ANALYZER_NONNULL = YES;
				CLANG_ANALYZER_NUMBER_OBJECT_CONVERSION = YES_AGGRESSIVE;
				CLANG_CXX_LANGUAGE_STANDARD = "gnu++14";
				CLANG_CXX_LIBRARY = "libc++";
				CLANG_ENABLE_MODULES = YES;
				CLANG_ENABLE_OBJC_ARC = YES;
				CLANG_ENABLE_OBJC_WEAK = YES;
				CLANG_WARN_BLOCK_CAPTURE_AUTORELEASING = YES;
				CLANG_WARN_BOOL_CONVERSION = YES;
				CLANG_WARN_COMMA = YES;
				CLANG_WARN_CONSTANT_CONVERSION = YES;
				CLANG_WARN_DEPRECATED_OBJC_IMPLEMENTATIONS = YES;
				CLANG_WARN_DIRECT_OBJC_ISA_USAGE = YES_ERROR;
				CLANG_WARN_DOCUMENTATION_COMMENTS = YES;
				CLANG_WARN_EMPTY_BODY = YES;
				CLANG_WARN_ENUM_CONVERSION = YES;
				CLANG_WARN_INFINITE_RECURSION = YES;
				CLANG_WARN_INT_CONVERSION = YES;
				CLANG_WARN_NON_LITERAL_NULL_CONVERSION = YES;
				CLANG_WARN_OBJC_IMPLICIT_RETAIN_SELF = YES;
				CLANG_WARN_OBJC_LITERAL_CONVERSION = YES;
				CLANG_WARN_OBJC_ROOT_CLASS = YES_ERROR;
				CLANG_WARN_QUOTED_INCLUDE_IN_FRAMEWORK_HEADER = YES;
				CLANG_WARN_RANGE_LOOP_ANALYSIS = YES;
				CLANG_WARN_STRICT_PROTOTYPES = YES;
				CLANG_WARN_SUSPICIOUS_MOVE = YES;
				CLANG_WARN_UNGUARDED_AVAILABILITY = YES_AGGRESSIVE;
				CLANG_WARN_UNREACHABLE_CODE = YES;
				CLANG_WARN__DUPLICATE_METHOD_MATCH = YES;
				COPY_PHASE_STRIP = NO;
				DEBUG_INFORMATION_FORMAT = "dwarf-with-dsym";
				DEVELOPMENT_TEAM = 7YLNYUAHS3;
				ENABLE_NS_ASSERTIONS = NO;
				ENABLE_STRICT_OBJC_MSGSEND = YES;
				GCC_C_LANGUAGE_STANDARD = gnu11;
				GCC_NO_COMMON_BLOCKS = YES;
				GCC_WARN_64_TO_32_BIT_CONVERSION = YES;
				GCC_WARN_ABOUT_RETURN_TYPE = YES_ERROR;
				GCC_WARN_UNDECLARED_SELECTOR = YES;
				GCC_WARN_UNINITIALIZED_AUTOS = YES_AGGRESSIVE;
				GCC_WARN_UNUSED_FUNCTION = YES;
				GCC_WARN_UNUSED_VARIABLE = YES;
				IPHONEOS_DEPLOYMENT_TARGET = 17.0;
				MTL_ENABLE_DEBUG_INFO = NO;
				MTL_FAST_MATH = YES;
				PRODUCT_NAME = "$(TARGET_NAME)";
				SDKROOT = iphoneos;
				STRING_CATALOG_GENERATE_SYMBOLS = YES;
				SWIFT_COMPILATION_MODE = wholemodule;
				SWIFT_OPTIMIZATION_LEVEL = "-O";
				SWIFT_VERSION = 5.0;
			};
			name = Release;
		};
		E03D4BEFA9C101CB0E929C6E /* Debug */ = {
			isa = XCBuildConfiguration;
			buildSettings = {
				ALWAYS_SEARCH_USER_PATHS = NO;
				CLANG_ANALYZER_NONNULL = YES;
				CLANG_ANALYZER_NUMBER_OBJECT_CONVERSION = YES_AGGRESSIVE;
				CLANG_CXX_LANGUAGE_STANDARD = "gnu++14";
				CLANG_CXX_LIBRARY = "libc++";
				CLANG_ENABLE_MODULES = YES;
				CLANG_ENABLE_OBJC_ARC = YES;
				CLANG_ENABLE_OBJC_WEAK = YES;
				CLANG_WARN_BLOCK_CAPTURE_AUTORELEASING = YES;
				CLANG_WARN_BOOL_CONVERSION = YES;
				CLANG_WARN_COMMA = YES;
				CLANG_WARN_CONSTANT_CONVERSION = YES;
				CLANG_WARN_DEPRECATED_OBJC_IMPLEMENTATIONS = YES;
				CLANG_WARN_DIRECT_OBJC_ISA_USAGE = YES_ERROR;
				CLANG_WARN_DOCUMENTATION_COMMENTS = YES;
				CLANG_WARN_EMPTY_BODY = YES;
				CLANG_WARN_ENUM_CONVERSION = YES;
				CLANG_WARN_INFINITE_RECURSION = YES;
				CLANG_WARN_INT_CONVERSION = YES;
				CLANG_WARN_NON_LITERAL_NULL_CONVERSION = YES;
				CLANG_WARN_OBJC_IMPLICIT_RETAIN_SELF = YES;
				CLANG_WARN_OBJC_LITERAL_CONVERSION = YES;
				CLANG_WARN_OBJC_ROOT_CLASS = YES_ERROR;
				CLANG_WARN_QUOTED_INCLUDE_IN_FRAMEWORK_HEADER = YES;
				CLANG_WARN_RANGE_LOOP_ANALYSIS = YES;
				CLANG_WARN_STRICT_PROTOTYPES = YES;
				CLANG_WARN_SUSPICIOUS_MOVE = YES;
				CLANG_WARN_UNGUARDED_AVAILABILITY = YES_AGGRESSIVE;
				CLANG_WARN_UNREACHABLE_CODE = YES;
				CLANG_WARN__DUPLICATE_METHOD_MATCH = YES;
				COPY_PHASE_STRIP = NO;
				DEBUG_INFORMATION_FORMAT = dwarf;
				DEVELOPMENT_TEAM = 7YLNYUAHS3;
				ENABLE_STRICT_OBJC_MSGSEND = YES;
				ENABLE_TESTABILITY = YES;
				GCC_C_LANGUAGE_STANDARD = gnu11;
				GCC_DYNAMIC_NO_PIC = NO;
				GCC_NO_COMMON_BLOCKS = YES;
				GCC_OPTIMIZATION_LEVEL = 0;
				GCC_PREPROCESSOR_DEFINITIONS = (
					"$(inherited)",
					"DEBUG=1",
				);
				GCC_WARN_64_TO_32_BIT_CONVERSION = YES;
				GCC_WARN_ABOUT_RETURN_TYPE = YES_ERROR;
				GCC_WARN_UNDECLARED_SELECTOR = YES;
				GCC_WARN_UNINITIALIZED_AUTOS = YES_AGGRESSIVE;
				GCC_WARN_UNUSED_FUNCTION = YES;
				GCC_WARN_UNUSED_VARIABLE = YES;
				IPHONEOS_DEPLOYMENT_TARGET = 17.0;
				MTL_ENABLE_DEBUG_INFO = INCLUDE_SOURCE;
				MTL_FAST_MATH = YES;
				ONLY_ACTIVE_ARCH = YES;
				PRODUCT_NAME = "$(TARGET_NAME)";
				SDKROOT = iphoneos;
				STRING_CATALOG_GENERATE_SYMBOLS = YES;
				SWIFT_ACTIVE_COMPILATION_CONDITIONS = DEBUG;
				SWIFT_OPTIMIZATION_LEVEL = "-Onone";
				SWIFT_VERSION = 5.0;
			};
			name = Debug;
		};
/* End XCBuildConfiguration section */

/* Begin XCConfigurationList section */
		63D7F60850F250B360431053 /* Build configuration list for PBXProject "JewelHeartAdmin" */ = {
			isa = XCConfigurationList;
			buildConfigurations = (
				E03D4BEFA9C101CB0E929C6E /* Debug */,
				6A26733728349633A6EAF0FF /* Release */,
			);
			defaultConfigurationIsVisible = 0;
			defaultConfigurationName = Debug;
		};
		9BA18E3C8031629D2E2E75C2 /* Build configuration list for PBXNativeTarget "JewelHeartAdmin" */ = {
			isa = XCConfigurationList;
			buildConfigurations = (
				579CFD6D27C5D10ECBC95069 /* Debug */,
				101B36DEEB2C2C2CAEB6FFAD /* Release */,
			);
			defaultConfigurationIsVisible = 0;
			defaultConfigurationName = Debug;
		};
/* End XCConfigurationList section */

/* Begin XCRemoteSwiftPackageReference section */
		9D174E4566C467CC12A6D10C /* XCRemoteSwiftPackageReference "firebase-ios-sdk" */ = {
			isa = XCRemoteSwiftPackageReference;
			repositoryURL = "https://github.com/firebase/firebase-ios-sdk";
			requirement = {
				kind = upToNextMajorVersion;
				minimumVersion = 11.7.0;
			};
		};
		A8B1F8EC3794040A27549438 /* XCRemoteSwiftPackageReference "GoogleSignIn-iOS" */ = {
			isa = XCRemoteSwiftPackageReference;
			repositoryURL = "https://github.com/google/GoogleSignIn-iOS";
			requirement = {
				kind = upToNextMajorVersion;
				minimumVersion = 8.0.0;
			};
		};
/* End XCRemoteSwiftPackageReference section */

/* Begin XCSwiftPackageProductDependency section */
		1B0F11341987EB2FB8D8B7C6 /* FirebaseAuth */ = {
			isa = XCSwiftPackageProductDependency;
			package = 9D174E4566C467CC12A6D10C /* XCRemoteSwiftPackageReference "firebase-ios-sdk" */;
			productName = FirebaseAuth;
		};
		CEEFB79224CD083029E35C8D /* GoogleSignIn */ = {
			isa = XCSwiftPackageProductDependency;
			package = A8B1F8EC3794040A27549438 /* XCRemoteSwiftPackageReference "GoogleSignIn-iOS" */;
			productName = GoogleSignIn;
		};
		F89A5301AC11B1F2C0BB34A9 /* FirebaseCore */ = {
			isa = XCSwiftPackageProductDependency;
			package = 9D174E4566C467CC12A6D10C /* XCRemoteSwiftPackageReference "firebase-ios-sdk" */;
			productName = FirebaseCore;
		};
/* End XCSwiftPackageProductDependency section */
	};
	rootObject = 078487AEC85DEC8ED58FA57C /* Project object */;
}
